
Microsoft Visual Studio Solution File, Format Version 12.00
# Visual Studio 15
VisualStudioVersion = 15.0.28010.2050
MinimumVisualStudioVersion = 10.0.40219.1
Project("{FAE04EC0-301F-11D3-BF4B-00C04F79EFBC}") = "INRAMVCDatPredWebCore", "INRAMVCDatPredWebCore\INRAMVCDatPredWebCore.csproj", "{8FB881C8-517B-4501-BB24-0506B62DA8BD}"
EndProject
Global
	GlobalSection(SolutionConfigurationPlatforms) = preSolution
		Debug|Any CPU = Debug|Any CPU
		Release|Any CPU = Release|Any CPU
	EndGlobalSection
	GlobalSection(ProjectConfigurationPlatforms) = postSolution
		{8FB881C8-517B-4501-BB24-0506B62DA8BD}.Debug|Any CPU.ActiveCfg = Debug|Any CPU
		{8FB881C8-517B-4501-BB24-0506B62DA8BD}.Debug|Any CPU.Build.0 = Debug|Any CPU
		{8FB881C8-517B-4501-BB24-0506B62DA8BD}.Release|Any CPU.ActiveCfg = Release|Any CPU
		{8FB881C8-517B-4501-BB24-0506B62DA8BD}.Release|Any CPU.Build.0 = Release|Any CPU
	EndGlobalSection
	GlobalSection(SolutionProperties) = preSolution
		HideSolutionNode = FALSE
	EndGlobalSection
	GlobalSection(ExtensibilityGlobals) = postSolution
		SolutionGuid = {A0C7B404-8B91-48F6-A6B9-14B081AC893D}
	EndGlobalSection
EndGlobal
